
Microsoft Visual Studio Solution File, Format Version 12.00
# Visual Studio Version 16
VisualStudioVersion = 16.0.29806.167
MinimumVisualStudioVersion = 10.0.40219.1
Project("{FAE04EC0-301F-11D3-BF4B-00C04F79EFBC}") = "SecurityWebcam", "SecurityWebcam\SecurityWebcam.csproj", "{8039EE52-820C-41C7-803B-CB783D99A789}"
EndProject
Global
	GlobalSection(SolutionConfigurationPlatforms) = preSolution
		Debug|Any CPU = Debug|Any CPU
		Release|Any CPU = Release|Any CPU
	EndGlobalSection
	GlobalSection(ProjectConfigurationPlatforms) = postSolution
		{8039EE52-820C-41C7-803B-CB783D99A789}.Debug|Any CPU.ActiveCfg = Debug|Any CPU
		{8039EE52-820C-41C7-803B-CB783D99A789}.Debug|Any CPU.Build.0 = Debug|Any CPU
		{8039EE52-820C-41C7-803B-CB783D99A789}.Release|Any CPU.ActiveCfg = Release|Any CPU
		{8039EE52-820C-41C7-803B-CB783D99A789}.Release|Any CPU.Build.0 = Release|Any CPU
	EndGlobalSection
	GlobalSection(SolutionProperties) = preSolution
		HideSolutionNode = FALSE
	EndGlobalSection
	GlobalSection(ExtensibilityGlobals) = postSolution
		SolutionGuid = {EAC58216-D859-42FF-856C-F72094DCB0F2}
	EndGlobalSection
EndGlobal
